
Microsoft Visual Studio Solution File, Format Version 12.00
# Visual Studio Version 17
VisualStudioVersion = 17.11.35327.3
MinimumVisualStudioVersion = 10.0.40219.1
Project("{9A19103F-16F7-4668-BE54-9A1E7A4F7556}") = "SpeexDSPSharp.Core", "SpeexDSPSharp.Core\SpeexDSPSharp.Core.csproj", "{DD9044A8-5006-4E71-893C-2D06A8F82498}"
EndProject
Global
	GlobalSection(SolutionConfigurationPlatforms) = preSolution
		Debug|Any CPU = Debug|Any CPU
		Release|Any CPU = Release|Any CPU
	EndGlobalSection
	GlobalSection(ProjectConfigurationPlatforms) = postSolution
		{DD9044A8-5006-4E71-893C-2D06A8F82498}.Debug|Any CPU.ActiveCfg = Debug|Any CPU
		{DD9044A8-5006-4E71-893C-2D06A8F82498}.Debug|Any CPU.Build.0 = Debug|Any CPU
		{DD9044A8-5006-4E71-893C-2D06A8F82498}.Release|Any CPU.ActiveCfg = Release|Any CPU
		{DD9044A8-5006-4E71-893C-2D06A8F82498}.Release|Any CPU.Build.0 = Release|Any CPU
	EndGlobalSection
	GlobalSection(SolutionProperties) = preSolution
		HideSolutionNode = FALSE
	EndGlobalSection
	GlobalSection(ExtensibilityGlobals) = postSolution
		SolutionGuid = {ADD0752A-0F42-45C6-BE81-FE415AC60002}
	EndGlobalSection
EndGlobal
